
Microsoft Visual Studio Solution File, Format Version 12.00
# Visual Studio Version 17
VisualStudioVersion = 17.12.35707.178
MinimumVisualStudioVersion = 10.0.40219.1
Project("{2150E333-8FDC-42A3-9474-1A3956D46DE8}") = ".SolutionItems", ".SolutionItems", "{BF16B68A-1452-4C67-BEEA-50A47E8C7B77}"
	ProjectSection(SolutionItems) = preProject
		.runsettings = .runsettings
		Directory.Build.Props = Directory.Build.Props
		Directory.Build.targets = Directory.Build.targets
		Directory.Packages.props = Directory.Packages.props
		global.json = global.json
	EndProjectSection
EndProject
Project("{FAE04EC0-301F-11D3-BF4B-00C04F79EFBC}") = "RichardJM.Coverlet", "src\RichardJM.Coverlet\RichardJM.Coverlet.csproj", "{02243C24-3C58-408E-8ECD-B03F404F9858}"
EndProject
Project("{FAE04EC0-301F-11D3-BF4B-00C04F79EFBC}") = "RichardJM.Coverlet.Tests", "test\RichardJM.Coverlet.Tests\RichardJM.Coverlet.Tests.csproj", "{F48C322C-B2BE-4A7B-85CB-209BF6D74538}"
EndProject
Project("{2150E333-8FDC-42A3-9474-1A3956D46DE8}") = ".github", ".github", "{AFE0C102-FAB5-440B-9421-55830325B979}"
EndProject
Project("{2150E333-8FDC-42A3-9474-1A3956D46DE8}") = "workflows", "workflows", "{76E72646-2A46-4823-B8BB-8A5F733D504E}"
	ProjectSection(SolutionItems) = preProject
		.github\workflows\ci.yml = .github\workflows\ci.yml
	EndProjectSection
EndProject
Global
	GlobalSection(SolutionConfigurationPlatforms) = preSolution
		Debug|Any CPU = Debug|Any CPU
		Release|Any CPU = Release|Any CPU
	EndGlobalSection
	GlobalSection(ProjectConfigurationPlatforms) = postSolution
		{02243C24-3C58-408E-8ECD-B03F404F9858}.Debug|Any CPU.ActiveCfg = Debug|Any CPU
		{02243C24-3C58-408E-8ECD-B03F404F9858}.Debug|Any CPU.Build.0 = Debug|Any CPU
		{02243C24-3C58-408E-8ECD-B03F404F9858}.Release|Any CPU.ActiveCfg = Release|Any CPU
		{02243C24-3C58-408E-8ECD-B03F404F9858}.Release|Any CPU.Build.0 = Release|Any CPU
		{F48C322C-B2BE-4A7B-85CB-209BF6D74538}.Debug|Any CPU.ActiveCfg = Debug|Any CPU
		{F48C322C-B2BE-4A7B-85CB-209BF6D74538}.Debug|Any CPU.Build.0 = Debug|Any CPU
		{F48C322C-B2BE-4A7B-85CB-209BF6D74538}.Release|Any CPU.ActiveCfg = Release|Any CPU
		{F48C322C-B2BE-4A7B-85CB-209BF6D74538}.Release|Any CPU.Build.0 = Release|Any CPU
	EndGlobalSection
	GlobalSection(SolutionProperties) = preSolution
		HideSolutionNode = FALSE
	EndGlobalSection
	GlobalSection(NestedProjects) = preSolution
		{AFE0C102-FAB5-440B-9421-55830325B979} = {BF16B68A-1452-4C67-BEEA-50A47E8C7B77}
		{76E72646-2A46-4823-B8BB-8A5F733D504E} = {AFE0C102-FAB5-440B-9421-55830325B979}
	EndGlobalSection
EndGlobal
